
Microsoft Visual Studio Solution File, Format Version 12.00
# Visual Studio Version 17
VisualStudioVersion = 17.5.002.0
MinimumVisualStudioVersion = 10.0.40219.1
Project("{9A19103F-16F7-4668-BE54-9A1E7A4F7556}") = "Blockchain", "Blockchain.csproj", "{ECAF5394-3A62-4B8C-B4AD-DEA1F1C1B5DF}"
EndProject
Global
	GlobalSection(SolutionConfigurationPlatforms) = preSolution
		Debug|Any CPU = Debug|Any CPU
		Release|Any CPU = Release|Any CPU
	EndGlobalSection
	GlobalSection(ProjectConfigurationPlatforms) = postSolution
		{ECAF5394-3A62-4B8C-B4AD-DEA1F1C1B5DF}.Debug|Any CPU.ActiveCfg = Debug|Any CPU
		{ECAF5394-3A62-4B8C-B4AD-DEA1F1C1B5DF}.Debug|Any CPU.Build.0 = Debug|Any CPU
		{ECAF5394-3A62-4B8C-B4AD-DEA1F1C1B5DF}.Release|Any CPU.ActiveCfg = Release|Any CPU
		{ECAF5394-3A62-4B8C-B4AD-DEA1F1C1B5DF}.Release|Any CPU.Build.0 = Release|Any CPU
	EndGlobalSection
	GlobalSection(SolutionProperties) = preSolution
		HideSolutionNode = FALSE
	EndGlobalSection
	GlobalSection(ExtensibilityGlobals) = postSolution
		SolutionGuid = {269D2F62-139B-4579-ADD0-9EFE5603D3BB}
	EndGlobalSection
EndGlobal
